
Microsoft Visual Studio Solution File, Format Version 12.00
# Visual Studio Version 17
VisualStudioVersion = 17.1.32421.90
MinimumVisualStudioVersion = 10.0.40219.1
Project("{FAE04EC0-301F-11D3-BF4B-00C04F79EFBC}") = "RRRM", "RRRM\RRRM.csproj", "{898B06AE-BAB9-45E9-AE9F-6AF0238EC6EA}"
EndProject
Global
	GlobalSection(SolutionConfigurationPlatforms) = preSolution
		Debug|Any CPU = Debug|Any CPU
		Release|Any CPU = Release|Any CPU
	EndGlobalSection
	GlobalSection(ProjectConfigurationPlatforms) = postSolution
		{898B06AE-BAB9-45E9-AE9F-6AF0238EC6EA}.Debug|Any CPU.ActiveCfg = Debug|Any CPU
		{898B06AE-BAB9-45E9-AE9F-6AF0238EC6EA}.Debug|Any CPU.Build.0 = Debug|Any CPU
		{898B06AE-BAB9-45E9-AE9F-6AF0238EC6EA}.Release|Any CPU.ActiveCfg = Release|Any CPU
		{898B06AE-BAB9-45E9-AE9F-6AF0238EC6EA}.Release|Any CPU.Build.0 = Release|Any CPU
	EndGlobalSection
	GlobalSection(SolutionProperties) = preSolution
		HideSolutionNode = FALSE
	EndGlobalSection
	GlobalSection(ExtensibilityGlobals) = postSolution
		SolutionGuid = {F3DAE3A1-0B82-4976-85D8-33BE26BBDF2B}
	EndGlobalSection
EndGlobal
